
Microsoft Visual Studio Solution File, Format Version 12.00
# Visual Studio Version 16
VisualStudioVersion = 16.0.30907.101
MinimumVisualStudioVersion = 10.0.40219.1
Project("{FAE04EC0-301F-11D3-BF4B-00C04F79EFBC}") = "ConsoleApp1", "ConsoleApp1\ConsoleApp1.csproj", "{05890D4C-9B64-4EBF-BE01-7914176416EB}"
EndProject
Global
	GlobalSection(SolutionConfigurationPlatforms) = preSolution
		Debug|Any CPU = Debug|Any CPU
		Release|Any CPU = Release|Any CPU
	EndGlobalSection
	GlobalSection(ProjectConfigurationPlatforms) = postSolution
		{05890D4C-9B64-4EBF-BE01-7914176416EB}.Debug|Any CPU.ActiveCfg = Debug|Any CPU
		{05890D4C-9B64-4EBF-BE01-7914176416EB}.Debug|Any CPU.Build.0 = Debug|Any CPU
		{05890D4C-9B64-4EBF-BE01-7914176416EB}.Release|Any CPU.ActiveCfg = Release|Any CPU
		{05890D4C-9B64-4EBF-BE01-7914176416EB}.Release|Any CPU.Build.0 = Release|Any CPU
	EndGlobalSection
	GlobalSection(SolutionProperties) = preSolution
		HideSolutionNode = FALSE
	EndGlobalSection
	GlobalSection(ExtensibilityGlobals) = postSolution
		SolutionGuid = {6F6AA9A0-62B5-40ED-9E75-60530C7D00F1}
	EndGlobalSection
EndGlobal
